
Microsoft Visual Studio Solution File, Format Version 12.00
# Visual Studio 15
VisualStudioVersion = 15.0.28307.329
MinimumVisualStudioVersion = 10.0.40219.1
Project("{9A19103F-16F7-4668-BE54-9A1E7A4F7556}") = "ExtentionAppTest", "ExtentionAppTest\ExtentionAppTest\ExtentionAppTest.csproj", "{18C3B3E9-63C2-4287-8787-CD06553C8C27}"
EndProject
Project("{FAE04EC0-301F-11D3-BF4B-00C04F79EFBC}") = "ExtentionAppTest.Android", "ExtentionAppTest\ExtentionAppTest.Android\ExtentionAppTest.Android.csproj", "{89D9107F-5BB4-4823-A3B7-01887A64974A}"
EndProject
Project("{FAE04EC0-301F-11D3-BF4B-00C04F79EFBC}") = "ExtentionAppTest.IOS", "ExtentionAppTest\ExtentionAppTest.IOS\ExtentionAppTest.IOS.csproj", "{17D7AF17-3B4A-43DB-9F0D-9AE1936EFC75}"
EndProject
Global
	GlobalSection(SolutionConfigurationPlatforms) = preSolution
		Ad-Hoc|Any CPU = Ad-Hoc|Any CPU
		Ad-Hoc|ARM = Ad-Hoc|ARM
		Ad-Hoc|iPhone = Ad-Hoc|iPhone
		Ad-Hoc|iPhoneSimulator = Ad-Hoc|iPhoneSimulator
		Ad-Hoc|x64 = Ad-Hoc|x64
		Ad-Hoc|x86 = Ad-Hoc|x86
		AppStore|Any CPU = AppStore|Any CPU
		AppStore|ARM = AppStore|ARM
		AppStore|iPhone = AppStore|iPhone
		AppStore|iPhoneSimulator = AppStore|iPhoneSimulator
		AppStore|x64 = AppStore|x64
		AppStore|x86 = AppStore|x86
		Debug|Any CPU = Debug|Any CPU
		Debug|ARM = Debug|ARM
		Debug|iPhone = Debug|iPhone
		Debug|iPhoneSimulator = Debug|iPhoneSimulator
		Debug|x64 = Debug|x64
		Debug|x86 = Debug|x86
		Release|Any CPU = Release|Any CPU
		Release|ARM = Release|ARM
		Release|iPhone = Release|iPhone
		Release|iPhoneSimulator = Release|iPhoneSimulator
		Release|x64 = Release|x64
		Release|x86 = Release|x86
	EndGlobalSection
	GlobalSection(ProjectConfigurationPlatforms) = postSolution
		{18C3B3E9-63C2-4287-8787-CD06553C8C27}.Ad-Hoc|Any CPU.ActiveCfg = Debug|Any CPU
		{18C3B3E9-63C2-4287-8787-CD06553C8C27}.Ad-Hoc|Any CPU.Build.0 = Debug|Any CPU
		{18C3B3E9-63C2-4287-8787-CD06553C8C27}.Ad-Hoc|ARM.ActiveCfg = Debug|Any CPU
		{18C3B3E9-63C2-4287-8787-CD06553C8C27}.Ad-Hoc|ARM.Build.0 = Debug|Any CPU
		{18C3B3E9-63C2-4287-8787-CD06553C8C27}.Ad-Hoc|iPhone.ActiveCfg = Debug|Any CPU
		{18C3B3E9-63C2-4287-8787-CD06553C8C27}.Ad-Hoc|iPhone.Build.0 = Debug|Any CPU
		{18C3B3E9-63C2-4287-8787-CD06553C8C27}.Ad-Hoc|iPhoneSimulator.ActiveCfg = Debug|Any CPU
		{18C3B3E9-63C2-4287-8787-CD06553C8C27}.Ad-Hoc|iPhoneSimulator.Build.0 = Debug|Any CPU
		{18C3B3E9-63C2-4287-8787-CD06553C8C27}.Ad-Hoc|x64.ActiveCfg = Debug|Any CPU
		{18C3B3E9-63C2-4287-8787-CD06553C8C27}.Ad-Hoc|x64.Build.0 = Debug|Any CPU
		{18C3B3E9-63C2-4287-8787-CD06553C8C27}.Ad-Hoc|x86.ActiveCfg = Debug|Any CPU
		{18C3B3E9-63C2-4287-8787-CD06553C8C27}.Ad-Hoc|x86.Build.0 = Debug|Any CPU
		{18C3B3E9-63C2-4287-8787-CD06553C8C27}.AppStore|Any CPU.ActiveCfg = Debug|Any CPU
		{18C3B3E9-63C2-4287-8787-CD06553C8C27}.AppStore|Any CPU.Build.0 = Debug|Any CPU
		{18C3B3E9-63C2-4287-8787-CD06553C8C27}.AppStore|ARM.ActiveCfg = Debug|Any CPU
		{18C3B3E9-63C2-4287-8787-CD06553C8C27}.AppStore|ARM.Build.0 = Debug|Any CPU
		{18C3B3E9-63C2-4287-8787-CD06553C8C27}.AppStore|iPhone.ActiveCfg = Debug|Any CPU
		{18C3B3E9-63C2-4287-8787-CD06553C8C27}.AppStore|iPhone.Build.0 = Debug|Any CPU
		{18C3B3E9-63C2-4287-8787-CD06553C8C27}.AppStore|iPhoneSimulator.ActiveCfg = Debug|Any CPU
		{18C3B3E9-63C2-4287-8787-CD06553C8C27}.AppStore|iPhoneSimulator.Build.0 = Debug|Any CPU
		{18C3B3E9-63C2-4287-8787-CD06553C8C27}.AppStore|x64.ActiveCfg = Debug|Any CPU
		{18C3B3E9-63C2-4287-8787-CD06553C8C27}.AppStore|x64.Build.0 = Debug|Any CPU
		{18C3B3E9-63C2-4287-8787-CD06553C8C27}.AppStore|x86.ActiveCfg = Debug|Any CPU
		{18C3B3E9-63C2-4287-8787-CD06553C8C27}.AppStore|x86.Build.0 = Debug|Any CPU
		{18C3B3E9-63C2-4287-8787-CD06553C8C27}.Debug|Any CPU.ActiveCfg = Debug|Any CPU
		{18C3B3E9-63C2-4287-8787-CD06553C8C27}.Debug|Any CPU.Build.0 = Debug|Any CPU
		{18C3B3E9-63C2-4287-8787-CD06553C8C27}.Debug|ARM.ActiveCfg = Debug|Any CPU
		{18C3B3E9-63C2-4287-8787-CD06553C8C27}.Debug|ARM.Build.0 = Debug|Any CPU
		{18C3B3E9-63C2-4287-8787-CD06553C8C27}.Debug|iPhone.ActiveCfg = Debug|Any CPU
		{18C3B3E9-63C2-4287-8787-CD06553C8C27}.Debug|iPhone.Build.0 = Debug|Any CPU
		{18C3B3E9-63C2-4287-8787-CD06553C8C27}.Debug|iPhoneSimulator.ActiveCfg = Debug|Any CPU
		{18C3B3E9-63C2-4287-8787-CD06553C8C27}.Debug|iPhoneSimulator.Build.0 = Debug|Any CPU
		{18C3B3E9-63C2-4287-8787-CD06553C8C27}.Debug|x64.ActiveCfg = Debug|Any CPU
		{18C3B3E9-63C2-4287-8787-CD06553C8C27}.Debug|x64.Build.0 = Debug|Any CPU
		{18C3B3E9-63C2-4287-8787-CD06553C8C27}.Debug|x86.ActiveCfg = Debug|Any CPU
		{18C3B3E9-63C2-4287-8787-CD06553C8C27}.Debug|x86.Build.0 = Debug|Any CPU
		{18C3B3E9-63C2-4287-8787-CD06553C8C27}.Release|Any CPU.ActiveCfg = Release|Any CPU
		{18C3B3E9-63C2-4287-8787-CD06553C8C27}.Release|Any CPU.Build.0 = Release|Any CPU
		{18C3B3E9-63C2-4287-8787-CD06553C8C27}.Release|ARM.ActiveCfg = Release|Any CPU
		{18C3B3E9-63C2-4287-8787-CD06553C8C27}.Release|ARM.Build.0 = Release|Any CPU
		{18C3B3E9-63C2-4287-8787-CD06553C8C27}.Release|iPhone.ActiveCfg = Release|Any CPU
		{18C3B3E9-63C2-4287-8787-CD06553C8C27}.Release|iPhone.Build.0 = Release|Any CPU
		{18C3B3E9-63C2-4287-8787-CD06553C8C27}.Release|iPhoneSimulator.ActiveCfg = Release|Any CPU
		{18C3B3E9-63C2-4287-8787-CD06553C8C27}.Release|iPhoneSimulator.Build.0 = Release|Any CPU
		{18C3B3E9-63C2-4287-8787-CD06553C8C27}.Release|x64.ActiveCfg = Release|Any CPU
		{18C3B3E9-63C2-4287-8787-CD06553C8C27}.Release|x64.Build.0 = Release|Any CPU
		{18C3B3E9-63C2-4287-8787-CD06553C8C27}.Release|x86.ActiveCfg = Release|Any CPU
		{18C3B3E9-63C2-4287-8787-CD06553C8C27}.Release|x86.Build.0 = Release|Any CPU
		{89D9107F-5BB4-4823-A3B7-01887A64974A}.Ad-Hoc|Any CPU.ActiveCfg = Release|Any CPU
		{89D9107F-5BB4-4823-A3B7-01887A64974A}.Ad-Hoc|Any CPU.Build.0 = Release|Any CPU
		{89D9107F-5BB4-4823-A3B7-01887A64974A}.Ad-Hoc|Any CPU.Deploy.0 = Release|Any CPU
		{89D9107F-5BB4-4823-A3B7-01887A64974A}.Ad-Hoc|ARM.ActiveCfg = Release|Any CPU
		{89D9107F-5BB4-4823-A3B7-01887A64974A}.Ad-Hoc|ARM.Build.0 = Release|Any CPU
		{89D9107F-5BB4-4823-A3B7-01887A64974A}.Ad-Hoc|ARM.Deploy.0 = Release|Any CPU
		{89D9107F-5BB4-4823-A3B7-01887A64974A}.Ad-Hoc|iPhone.ActiveCfg = Release|Any CPU
		{89D9107F-5BB4-4823-A3B7-01887A64974A}.Ad-Hoc|iPhone.Build.0 = Release|Any CPU
		{89D9107F-5BB4-4823-A3B7-01887A64974A}.Ad-Hoc|iPhone.Deploy.0 = Release|Any CPU
		{89D9107F-5BB4-4823-A3B7-01887A64974A}.Ad-Hoc|iPhoneSimulator.ActiveCfg = Release|Any CPU
		{89D9107F-5BB4-4823-A3B7-01887A64974A}.Ad-Hoc|iPhoneSimulator.Build.0 = Release|Any CPU
		{89D9107F-5BB4-4823-A3B7-01887A64974A}.Ad-Hoc|iPhoneSimulator.Deploy.0 = Release|Any CPU
		{89D9107F-5BB4-4823-A3B7-01887A64974A}.Ad-Hoc|x64.ActiveCfg = Release|Any CPU
		{89D9107F-5BB4-4823-A3B7-01887A64974A}.Ad-Hoc|x64.Build.0 = Release|Any CPU
		{89D9107F-5BB4-4823-A3B7-01887A64974A}.Ad-Hoc|x64.Deploy.0 = Release|Any CPU
		{89D9107F-5BB4-4823-A3B7-01887A64974A}.Ad-Hoc|x86.ActiveCfg = Release|Any CPU
		{89D9107F-5BB4-4823-A3B7-01887A64974A}.Ad-Hoc|x86.Build.0 = Release|Any CPU
		{89D9107F-5BB4-4823-A3B7-01887A64974A}.Ad-Hoc|x86.Deploy.0 = Release|Any CPU
		{89D9107F-5BB4-4823-A3B7-01887A64974A}.AppStore|Any CPU.ActiveCfg = Release|Any CPU
		{89D9107F-5BB4-4823-A3B7-01887A64974A}.AppStore|Any CPU.Build.0 = Release|Any CPU
		{89D9107F-5BB4-4823-A3B7-01887A64974A}.AppStore|Any CPU.Deploy.0 = Release|Any CPU
		{89D9107F-5BB4-4823-A3B7-01887A64974A}.AppStore|ARM.ActiveCfg = Release|Any CPU
		{89D9107F-5BB4-4823-A3B7-01887A64974A}.AppStore|ARM.Build.0 = Release|Any CPU
		{89D9107F-5BB4-4823-A3B7-01887A64974A}.AppStore|ARM.Deploy.0 = Release|Any CPU
		{89D9107F-5BB4-4823-A3B7-01887A64974A}.AppStore|iPhone.ActiveCfg = Release|Any CPU
		{89D9107F-5BB4-4823-A3B7-01887A64974A}.AppStore|iPhone.Build.0 = Release|Any CPU
		{89D9107F-5BB4-4823-A3B7-01887A64974A}.AppStore|iPhone.Deploy.0 = Release|Any CPU
		{89D9107F-5BB4-4823-A3B7-01887A64974A}.AppStore|iPhoneSimulator.ActiveCfg = Release|Any CPU
		{89D9107F-5BB4-4823-A3B7-01887A64974A}.AppStore|iPhoneSimulator.Build.0 = Release|Any CPU
		{89D9107F-5BB4-4823-A3B7-01887A64974A}.AppStore|iPhoneSimulator.Deploy.0 = Release|Any CPU
		{89D9107F-5BB4-4823-A3B7-01887A64974A}.AppStore|x64.ActiveCfg = Release|Any CPU
		{89D9107F-5BB4-4823-A3B7-01887A64974A}.AppStore|x64.Build.0 = Release|Any CPU
		{89D9107F-5BB4-4823-A3B7-01887A64974A}.AppStore|x64.Deploy.0 = Release|Any CPU
		{89D9107F-5BB4-4823-A3B7-01887A64974A}.AppStore|x86.ActiveCfg = Release|Any CPU
		{89D9107F-5BB4-4823-A3B7-01887A64974A}.AppStore|x86.Build.0 = Release|Any CPU
		{89D9107F-5BB4-4823-A3B7-01887A64974A}.AppStore|x86.Deploy.0 = Release|Any CPU
		{89D9107F-5BB4-4823-A3B7-01887A64974A}.Debug|Any CPU.ActiveCfg = Debug|Any CPU
		{89D9107F-5BB4-4823-A3B7-01887A64974A}.Debug|Any CPU.Build.0 = Debug|Any CPU
		{89D9107F-5BB4-4823-A3B7-01887A64974A}.Debug|Any CPU.Deploy.0 = Debug|Any CPU
		{89D9107F-5BB4-4823-A3B7-01887A64974A}.Debug|ARM.ActiveCfg = Debug|Any CPU
		{89D9107F-5BB4-4823-A3B7-01887A64974A}.Debug|ARM.Build.0 = Debug|Any CPU
		{89D9107F-5BB4-4823-A3B7-01887A64974A}.Debug|ARM.Deploy.0 = Debug|Any CPU
		{89D9107F-5BB4-4823-A3B7-01887A64974A}.Debug|iPhone.ActiveCfg = Debug|Any CPU
		{89D9107F-5BB4-4823-A3B7-01887A64974A}.Debug|iPhone.Build.0 = Debug|Any CPU
		{89D9107F-5BB4-4823-A3B7-01887A64974A}.Debug|iPhone.Deploy.0 = Debug|Any CPU
		{89D9107F-5BB4-4823-A3B7-01887A64974A}.Debug|iPhoneSimulator.ActiveCfg = Debug|Any CPU
		{89D9107F-5BB4-4823-A3B7-01887A64974A}.Debug|iPhoneSimulator.Build.0 = Debug|Any CPU
		{89D9107F-5BB4-4823-A3B7-01887A64974A}.Debug|iPhoneSimulator.Deploy.0 = Debug|Any CPU
		{89D9107F-5BB4-4823-A3B7-01887A64974A}.Debug|x64.ActiveCfg = Debug|Any CPU
		{89D9107F-5BB4-4823-A3B7-01887A64974A}.Debug|x64.Build.0 = Debug|Any CPU
		{89D9107F-5BB4-4823-A3B7-01887A64974A}.Debug|x64.Deploy.0 = Debug|Any CPU
		{89D9107F-5BB4-4823-A3B7-01887A64974A}.Debug|x86.ActiveCfg = Debug|Any CPU
		{89D9107F-5BB4-4823-A3B7-01887A64974A}.Debug|x86.Build.0 = Debug|Any CPU
		{89D9107F-5BB4-4823-A3B7-01887A64974A}.Debug|x86.Deploy.0 = Debug|Any CPU
		{89D9107F-5BB4-4823-A3B7-01887A64974A}.Release|Any CPU.ActiveCfg = Release|Any CPU
		{89D9107F-5BB4-4823-A3B7-01887A64974A}.Release|Any CPU.Build.0 = Release|Any CPU
		{89D9107F-5BB4-4823-A3B7-01887A64974A}.Release|Any CPU.Deploy.0 = Release|Any CPU
		{89D9107F-5BB4-4823-A3B7-01887A64974A}.Release|ARM.ActiveCfg = Release|Any CPU
		{89D9107F-5BB4-4823-A3B7-01887A64974A}.Release|ARM.Build.0 = Release|Any CPU
		{89D9107F-5BB4-4823-A3B7-01887A64974A}.Release|ARM.Deploy.0 = Release|Any CPU
		{89D9107F-5BB4-4823-A3B7-01887A64974A}.Release|iPhone.ActiveCfg = Release|Any CPU
		{89D9107F-5BB4-4823-A3B7-01887A64974A}.Release|iPhone.Build.0 = Release|Any CPU
		{89D9107F-5BB4-4823-A3B7-01887A64974A}.Release|iPhone.Deploy.0 = Release|Any CPU
		{89D9107F-5BB4-4823-A3B7-01887A64974A}.Release|iPhoneSimulator.ActiveCfg = Release|Any CPU
		{89D9107F-5BB4-4823-A3B7-01887A64974A}.Release|iPhoneSimulator.Build.0 = Release|Any CPU
		{89D9107F-5BB4-4823-A3B7-01887A64974A}.Release|iPhoneSimulator.Deploy.0 = Release|Any CPU
		{89D9107F-5BB4-4823-A3B7-01887A64974A}.Release|x64.ActiveCfg = Release|Any CPU
		{89D9107F-5BB4-4823-A3B7-01887A64974A}.Release|x64.Build.0 = Release|Any CPU
		{89D9107F-5BB4-4823-A3B7-01887A64974A}.Release|x64.Deploy.0 = Release|Any CPU
		{89D9107F-5BB4-4823-A3B7-01887A64974A}.Release|x86.ActiveCfg = Release|Any CPU
		{89D9107F-5BB4-4823-A3B7-01887A64974A}.Release|x86.Build.0 = Release|Any CPU
		{89D9107F-5BB4-4823-A3B7-01887A64974A}.Release|x86.Deploy.0 = Release|Any CPU
		{17D7AF17-3B4A-43DB-9F0D-9AE1936EFC75}.Ad-Hoc|Any CPU.ActiveCfg = Ad-Hoc|iPhone
		{17D7AF17-3B4A-43DB-9F0D-9AE1936EFC75}.Ad-Hoc|ARM.ActiveCfg = Ad-Hoc|iPhone
		{17D7AF17-3B4A-43DB-9F0D-9AE1936EFC75}.Ad-Hoc|iPhone.ActiveCfg = Ad-Hoc|iPhone
		{17D7AF17-3B4A-43DB-9F0D-9AE1936EFC75}.Ad-Hoc|iPhone.Build.0 = Ad-Hoc|iPhone
		{17D7AF17-3B4A-43DB-9F0D-9AE1936EFC75}.Ad-Hoc|iPhoneSimulator.ActiveCfg = Ad-Hoc|iPhoneSimulator
		{17D7AF17-3B4A-43DB-9F0D-9AE1936EFC75}.Ad-Hoc|iPhoneSimulator.Build.0 = Ad-Hoc|iPhoneSimulator
		{17D7AF17-3B4A-43DB-9F0D-9AE1936EFC75}.Ad-Hoc|x64.ActiveCfg = Ad-Hoc|iPhone
		{17D7AF17-3B4A-43DB-9F0D-9AE1936EFC75}.Ad-Hoc|x86.ActiveCfg = Ad-Hoc|iPhone
		{17D7AF17-3B4A-43DB-9F0D-9AE1936EFC75}.AppStore|Any CPU.ActiveCfg = AppStore|iPhone
		{17D7AF17-3B4A-43DB-9F0D-9AE1936EFC75}.AppStore|ARM.ActiveCfg = AppStore|iPhone
		{17D7AF17-3B4A-43DB-9F0D-9AE1936EFC75}.AppStore|iPhone.ActiveCfg = AppStore|iPhone
		{17D7AF17-3B4A-43DB-9F0D-9AE1936EFC75}.AppStore|iPhone.Build.0 = AppStore|iPhone
		{17D7AF17-3B4A-43DB-9F0D-9AE1936EFC75}.AppStore|iPhoneSimulator.ActiveCfg = AppStore|iPhoneSimulator
		{17D7AF17-3B4A-43DB-9F0D-9AE1936EFC75}.AppStore|iPhoneSimulator.Build.0 = AppStore|iPhoneSimulator
		{17D7AF17-3B4A-43DB-9F0D-9AE1936EFC75}.AppStore|x64.ActiveCfg = AppStore|iPhone
		{17D7AF17-3B4A-43DB-9F0D-9AE1936EFC75}.AppStore|x86.ActiveCfg = AppStore|iPhone
		{17D7AF17-3B4A-43DB-9F0D-9AE1936EFC75}.Debug|Any CPU.ActiveCfg = Debug|iPhone
		{17D7AF17-3B4A-43DB-9F0D-9AE1936EFC75}.Debug|ARM.ActiveCfg = Debug|iPhone
		{17D7AF17-3B4A-43DB-9F0D-9AE1936EFC75}.Debug|iPhone.ActiveCfg = Debug|iPhone
		{17D7AF17-3B4A-43DB-9F0D-9AE1936EFC75}.Debug|iPhone.Build.0 = Debug|iPhone
		{17D7AF17-3B4A-43DB-9F0D-9AE1936EFC75}.Debug|iPhoneSimulator.ActiveCfg = Debug|iPhoneSimulator
		{17D7AF17-3B4A-43DB-9F0D-9AE1936EFC75}.Debug|iPhoneSimulator.Build.0 = Debug|iPhoneSimulator
		{17D7AF17-3B4A-43DB-9F0D-9AE1936EFC75}.Debug|x64.ActiveCfg = Debug|iPhone
		{17D7AF17-3B4A-43DB-9F0D-9AE1936EFC75}.Debug|x86.ActiveCfg = Debug|iPhone
		{17D7AF17-3B4A-43DB-9F0D-9AE1936EFC75}.Release|Any CPU.ActiveCfg = Release|iPhone
		{17D7AF17-3B4A-43DB-9F0D-9AE1936EFC75}.Release|ARM.ActiveCfg = Release|iPhone
		{17D7AF17-3B4A-43DB-9F0D-9AE1936EFC75}.Release|iPhone.ActiveCfg = Release|iPhone
		{17D7AF17-3B4A-43DB-9F0D-9AE1936EFC75}.Release|iPhone.Build.0 = Release|iPhone
		{17D7AF17-3B4A-43DB-9F0D-9AE1936EFC75}.Release|iPhoneSimulator.ActiveCfg = Release|iPhoneSimulator
		{17D7AF17-3B4A-43DB-9F0D-9AE1936EFC75}.Release|iPhoneSimulator.Build.0 = Release|iPhoneSimulator
		{17D7AF17-3B4A-43DB-9F0D-9AE1936EFC75}.Release|x64.ActiveCfg = Release|iPhone
		{17D7AF17-3B4A-43DB-9F0D-9AE1936EFC75}.Release|x86.ActiveCfg = Release|iPhone
	EndGlobalSection
	GlobalSection(SolutionProperties) = preSolution
		HideSolutionNode = FALSE
	EndGlobalSection
	GlobalSection(ExtensibilityGlobals) = postSolution
		SolutionGuid = {9649541B-4FEC-4D33-AB0A-CC35B824F509}
	EndGlobalSection
EndGlobal
